# This file is autogenerated, do not edit; changes may be undone by the next 'dep ensure'.


[[projects]]
  branch = "master"
  digest = "1:750eed65b71884c0f5160863e09d81ad8478ecf6d5ce2cea5d005cedebd68c83"
  name = "golang.org/x/crypto"
  packages = [
    "cast5",
    "openpgp",
    "openpgp/armor",
    "openpgp/elgamal",
    "openpgp/errors",
    "openpgp/packet",
    "openpgp/s2k",
  ]
  pruneopts = "UT"
  revision = "a92615f3c49003920a58dedcf32cf55022cefb8d"

[solve-meta]
  analyzer-name = "dep"
  analyzer-version = 1
  input-imports = [
    "golang.org/x/crypto/openpgp",
    "golang.org/x/crypto/openpgp/armor",
    "golang.org/x/crypto/openpgp/packet",
  ]
  solver-name = "gps-cdcl"
  solver-version = 1
